
Microsoft Visual Studio Solution File, Format Version 12.00
# Visual Studio Version 17
VisualStudioVersion = 17.0.32014.148
MinimumVisualStudioVersion = 10.0.40219.1
Project("{9A19103F-16F7-4668-BE54-9A1E7A4F7556}") = "Partofoops", "Partofoops.csproj", "{89D01CE7-5C01-40A9-B65F-D8A32D9AC540}"
EndProject
Global
	GlobalSection(SolutionConfigurationPlatforms) = preSolution
		Debug|Any CPU = Debug|Any CPU
		Release|Any CPU = Release|Any CPU
	EndGlobalSection
	GlobalSection(ProjectConfigurationPlatforms) = postSolution
		{89D01CE7-5C01-40A9-B65F-D8A32D9AC540}.Debug|Any CPU.ActiveCfg = Debug|Any CPU
		{89D01CE7-5C01-40A9-B65F-D8A32D9AC540}.Debug|Any CPU.Build.0 = Debug|Any CPU
		{89D01CE7-5C01-40A9-B65F-D8A32D9AC540}.Release|Any CPU.ActiveCfg = Release|Any CPU
		{89D01CE7-5C01-40A9-B65F-D8A32D9AC540}.Release|Any CPU.Build.0 = Release|Any CPU
	EndGlobalSection
	GlobalSection(SolutionProperties) = preSolution
		HideSolutionNode = FALSE
	EndGlobalSection
	GlobalSection(ExtensibilityGlobals) = postSolution
		SolutionGuid = {93D13ACF-B532-4746-8578-65E5087CB9DE}
	EndGlobalSection
EndGlobal
